
Microsoft Visual Studio Solution File, Format Version 12.00
# Visual Studio Version 16
VisualStudioVersion = 16.0.31321.278
MinimumVisualStudioVersion = 10.0.40219.1
Project("{9A19103F-16F7-4668-BE54-9A1E7A4F7556}") = "ABN_WebAPI", "ABN_WebAPI\ABN_WebAPI.csproj", "{3C4EEC1D-0E09-4F65-8683-6B0644BCE960}"
EndProject
Project("{9A19103F-16F7-4668-BE54-9A1E7A4F7556}") = "ABN_WebApp", "ANB_WebApp\ABN_WebApp.csproj", "{F194D12E-EB6B-42ED-86CD-CD3A0F442FF6}"
EndProject
Project("{FAE04EC0-301F-11D3-BF4B-00C04F79EFBC}") = "ABN_WebAPI_UnitTests", "ABN_WebAPI_UnitTests\ABN_WebAPI_UnitTests.csproj", "{675C377A-2E0B-42D1-B2FE-B4C6246518D6}"
EndProject
Global
	GlobalSection(SolutionConfigurationPlatforms) = preSolution
		Debug|Any CPU = Debug|Any CPU
		Release|Any CPU = Release|Any CPU
	EndGlobalSection
	GlobalSection(ProjectConfigurationPlatforms) = postSolution
		{3C4EEC1D-0E09-4F65-8683-6B0644BCE960}.Debug|Any CPU.ActiveCfg = Debug|Any CPU
		{3C4EEC1D-0E09-4F65-8683-6B0644BCE960}.Debug|Any CPU.Build.0 = Debug|Any CPU
		{3C4EEC1D-0E09-4F65-8683-6B0644BCE960}.Release|Any CPU.ActiveCfg = Release|Any CPU
		{3C4EEC1D-0E09-4F65-8683-6B0644BCE960}.Release|Any CPU.Build.0 = Release|Any CPU
		{F194D12E-EB6B-42ED-86CD-CD3A0F442FF6}.Debug|Any CPU.ActiveCfg = Debug|Any CPU
		{F194D12E-EB6B-42ED-86CD-CD3A0F442FF6}.Debug|Any CPU.Build.0 = Debug|Any CPU
		{F194D12E-EB6B-42ED-86CD-CD3A0F442FF6}.Release|Any CPU.ActiveCfg = Release|Any CPU
		{F194D12E-EB6B-42ED-86CD-CD3A0F442FF6}.Release|Any CPU.Build.0 = Release|Any CPU
		{675C377A-2E0B-42D1-B2FE-B4C6246518D6}.Debug|Any CPU.ActiveCfg = Debug|Any CPU
		{675C377A-2E0B-42D1-B2FE-B4C6246518D6}.Debug|Any CPU.Build.0 = Debug|Any CPU
		{675C377A-2E0B-42D1-B2FE-B4C6246518D6}.Release|Any CPU.ActiveCfg = Release|Any CPU
		{675C377A-2E0B-42D1-B2FE-B4C6246518D6}.Release|Any CPU.Build.0 = Release|Any CPU
	EndGlobalSection
	GlobalSection(SolutionProperties) = preSolution
		HideSolutionNode = FALSE
	EndGlobalSection
	GlobalSection(ExtensibilityGlobals) = postSolution
		SolutionGuid = {5749F1EC-4F28-4685-8589-2B30834062E7}
	EndGlobalSection
EndGlobal
